
Microsoft Visual Studio Solution File, Format Version 12.00
# Visual Studio 2013
VisualStudioVersion = 12.0.21005.1
MinimumVisualStudioVersion = 10.0.40219.1
Project("{2150E333-8FDC-42A3-9474-1A3956D46DE8}") = "Engine", "Engine", "{0145E65D-30A2-48F2-8F7B-1C092F0F90DE}"
EndProject
Project("{2150E333-8FDC-42A3-9474-1A3956D46DE8}") = "Games", "Games", "{CBF4A977-5115-453D-83C5-9C358F5E0F8C}"
EndProject
Project("{8BC9CEB8-8B4A-11D0-8D11-00A0C91BC942}") = "GameDevTycoon", "Intermediate\ProjectFiles\GameDevTycoon.vcxproj", "{315E5B6E-5FE5-4C85-AC89-C47500E039E2}"
EndProject
Project("{8BC9CEB8-8B4A-11D0-8D11-00A0C91BC942}") = "UE4", "Intermediate\ProjectFiles\UE4.vcxproj", "{5FBDC2C6-ADB2-4630-BBB0-ADDCB57D808E}"
EndProject
Global
	GlobalSection(SolutionConfigurationPlatforms) = preSolution
		DebugGame Editor|Windows = DebugGame Editor|Windows
		DebugGame|Windows = DebugGame|Windows
		Development Editor|Windows = Development Editor|Windows
		Development|Windows = Development|Windows
		Shipping|Windows = Shipping|Windows
	EndGlobalSection
	GlobalSection(ProjectConfigurationPlatforms) = postSolution
		{315E5B6E-5FE5-4C85-AC89-C47500E039E2}.DebugGame Editor|Windows.ActiveCfg = DebugGame_Editor|x64
		{315E5B6E-5FE5-4C85-AC89-C47500E039E2}.DebugGame Editor|Windows.Build.0 = DebugGame_Editor|x64
		{315E5B6E-5FE5-4C85-AC89-C47500E039E2}.DebugGame|Windows.ActiveCfg = DebugGame_Game|x64
		{315E5B6E-5FE5-4C85-AC89-C47500E039E2}.DebugGame|Windows.Build.0 = DebugGame_Game|x64
		{315E5B6E-5FE5-4C85-AC89-C47500E039E2}.Development Editor|Windows.ActiveCfg = Development_Editor|x64
		{315E5B6E-5FE5-4C85-AC89-C47500E039E2}.Development Editor|Windows.Build.0 = Development_Editor|x64
		{315E5B6E-5FE5-4C85-AC89-C47500E039E2}.Development|Windows.ActiveCfg = Development_Game|x64
		{315E5B6E-5FE5-4C85-AC89-C47500E039E2}.Development|Windows.Build.0 = Development_Game|x64
		{315E5B6E-5FE5-4C85-AC89-C47500E039E2}.Shipping|Windows.ActiveCfg = Shipping_Game|Win32
		{315E5B6E-5FE5-4C85-AC89-C47500E039E2}.Shipping|Windows.Build.0 = Shipping_Game|Win32
		{5FBDC2C6-ADB2-4630-BBB0-ADDCB57D808E}.DebugGame Editor|Windows.ActiveCfg = BuiltWithUnrealBuildTool|Win32
		{5FBDC2C6-ADB2-4630-BBB0-ADDCB57D808E}.DebugGame|Windows.ActiveCfg = BuiltWithUnrealBuildTool|Win32
		{5FBDC2C6-ADB2-4630-BBB0-ADDCB57D808E}.Development Editor|Windows.ActiveCfg = BuiltWithUnrealBuildTool|Win32
		{5FBDC2C6-ADB2-4630-BBB0-ADDCB57D808E}.Development|Windows.ActiveCfg = BuiltWithUnrealBuildTool|Win32
		{5FBDC2C6-ADB2-4630-BBB0-ADDCB57D808E}.Shipping|Windows.ActiveCfg = BuiltWithUnrealBuildTool|Win32
	EndGlobalSection
	GlobalSection(SolutionProperties) = preSolution
		HideSolutionNode = FALSE
	EndGlobalSection
	GlobalSection(NestedProjects) = preSolution
		{5FBDC2C6-ADB2-4630-BBB0-ADDCB57D808E} = {0145E65D-30A2-48F2-8F7B-1C092F0F90DE}
		{315E5B6E-5FE5-4C85-AC89-C47500E039E2} = {CBF4A977-5115-453D-83C5-9C358F5E0F8C}
	EndGlobalSection
EndGlobal
